{
  "originHash" : "d8c8db8087f4bb730f095042647c93666f2ced28f428b6b5cf610c2922554507",
  "pins" : [
    {
      "identity" : "metaphor",
      "kind" : "remoteSourceControl",
      "location" : "https://github.com/shinyaoguri/metaphor.git",
      "state" : {
        "revision" : "f822f883b6b7d3da951955163b5db1f0a08931e4",
        "version" : "0.14.0"
      }
    }
  ],
  "version" : 3
}
