{
  "originHash" : "191ff4a608760d4ba94c79eb4785275bbe120ebad4372e102c0bf4db6531e0d3",
  "pins" : [
    {
      "identity" : "metaphor",
      "kind" : "remoteSourceControl",
      "location" : "https://github.com/shinyaoguri/metaphor.git",
      "state" : {
        "revision" : "285da2101aac78dcdf2fcfeb643a18199a7b5262",
        "version" : "0.9.0"
      }
    }
  ],
  "version" : 3
}
