{
  "originHash" : "73f771d361b49d1c6369d0579a0bf45a0b0315c253009ee2013605e7820cc543",
  "pins" : [
    {
      "identity" : "metaphor",
      "kind" : "remoteSourceControl",
      "location" : "https://github.com/shinyaoguri/metaphor.git",
      "state" : {
        "revision" : "f822f883b6b7d3da951955163b5db1f0a08931e4",
        "version" : "0.14.0"
      }
    },
    {
      "identity" : "metaphor-syphon",
      "kind" : "remoteSourceControl",
      "location" : "https://github.com/shinyaoguri/metaphor-syphon.git",
      "state" : {
        "revision" : "4a141d2250897afbfcc313dc035b568facf8ebaf",
        "version" : "0.2.0"
      }
    }
  ],
  "version" : 3
}
