{
  "originHash" : "c9e5266e5c865895a2f9315506c86756320f806961b098dcf0fb0df0098b6446",
  "pins" : [
    {
      "identity" : "metaphor",
      "kind" : "remoteSourceControl",
      "location" : "https://github.com/shinyaoguri/metaphor.git",
      "state" : {
        "revision" : "285da2101aac78dcdf2fcfeb643a18199a7b5262",
        "version" : "0.9.0"
      }
    }
  ],
  "version" : 3
}
