{
  "originHash" : "12f7e7ecbd48bb6c6bca637a7a9f79ce29e557254d00c26822429832cd7602e1",
  "pins" : [
    {
      "identity" : "metaphor",
      "kind" : "remoteSourceControl",
      "location" : "https://github.com/shinyaoguri/metaphor.git",
      "state" : {
        "revision" : "325417a91cf80e889a9fcce3ce6c91d0e3b1b598",
        "version" : "0.5.3"
      }
    }
  ],
  "version" : 3
}
