{
  "originHash" : "781e963b910172684c13d40337746378de71a1610d9d7c93b4693c9ac12bb762",
  "pins" : [
    {
      "identity" : "metaphor",
      "kind" : "remoteSourceControl",
      "location" : "https://github.com/shinyaoguri/metaphor.git",
      "state" : {
        "revision" : "8c792d0f27f6f3b3ca8301215b8efaac68e48d95",
        "version" : "0.7.0"
      }
    }
  ],
  "version" : 3
}
