{
  "originHash" : "781e963b910172684c13d40337746378de71a1610d9d7c93b4693c9ac12bb762",
  "pins" : [
    {
      "identity" : "metaphor",
      "kind" : "remoteSourceControl",
      "location" : "https://github.com/shinyaoguri/metaphor.git",
      "state" : {
        "revision" : "169c316094a72d55f22bdafc77f23571d24da622",
        "version" : "0.6.0"
      }
    }
  ],
  "version" : 3
}
