{
  "originHash" : "53978c5aec160a46885e362ec99d99a99a16e5be1d0511d3742c699eb0bcc9c6",
  "pins" : [
    {
      "identity" : "metaphor",
      "kind" : "remoteSourceControl",
      "location" : "https://github.com/shinyaoguri/metaphor.git",
      "state" : {
        "revision" : "32e15b8fe0d4516d32949c9e6a6810f0fe6e1445",
        "version" : "0.13.0"
      }
    },
    {
      "identity" : "metaphor-syphon",
      "kind" : "remoteSourceControl",
      "location" : "https://github.com/shinyaoguri/metaphor-syphon.git",
      "state" : {
        "revision" : "4a141d2250897afbfcc313dc035b568facf8ebaf",
        "version" : "0.2.0"
      }
    }
  ],
  "version" : 3
}
