{
  "originHash" : "740074737087c2803098aede7fec99acfd57d23d82dc4bff80302748877cfbd5",
  "pins" : [
    {
      "identity" : "metaphor",
      "kind" : "remoteSourceControl",
      "location" : "https://github.com/shinyaoguri/metaphor.git",
      "state" : {
        "revision" : "f822f883b6b7d3da951955163b5db1f0a08931e4",
        "version" : "0.14.0"
      }
    }
  ],
  "version" : 3
}
