{
  "originHash" : "3b48589ddd30e8d8c705e36254df76b71cc40cde8aaa8fa2ea0bf990ba4f5285",
  "pins" : [
    {
      "identity" : "metaphor",
      "kind" : "remoteSourceControl",
      "location" : "https://github.com/shinyaoguri/metaphor.git",
      "state" : {
        "revision" : "f822f883b6b7d3da951955163b5db1f0a08931e4",
        "version" : "0.14.0"
      }
    }
  ],
  "version" : 3
}
