{
  "originHash" : "2efe9c6c2fc49869cb4a5fa944d63cff99342fcc8da383922aa631999c54c18e",
  "pins" : [
    {
      "identity" : "metaphor",
      "kind" : "remoteSourceControl",
      "location" : "https://github.com/shinyaoguri/metaphor.git",
      "state" : {
        "revision" : "f822f883b6b7d3da951955163b5db1f0a08931e4",
        "version" : "0.14.0"
      }
    }
  ],
  "version" : 3
}
