{
  "originHash" : "48667a8c0438cb892c493a26451c63a4a01037724f35be15f46ea066f9abea84",
  "pins" : [
    {
      "identity" : "metaphor",
      "kind" : "remoteSourceControl",
      "location" : "https://github.com/shinyaoguri/metaphor.git",
      "state" : {
        "revision" : "32e15b8fe0d4516d32949c9e6a6810f0fe6e1445",
        "version" : "0.13.0"
      }
    }
  ],
  "version" : 3
}
