{
  "originHash" : "e08a342b4b9501666a3791cd3fe3b595f766cf054479f653f934fdf1b40d9dc8",
  "pins" : [
    {
      "identity" : "metaphor",
      "kind" : "remoteSourceControl",
      "location" : "https://github.com/shinyaoguri/metaphor.git",
      "state" : {
        "revision" : "32e15b8fe0d4516d32949c9e6a6810f0fe6e1445",
        "version" : "0.13.0"
      }
    }
  ],
  "version" : 3
}
