{
  "originHash" : "144712cbcf1bd53b5dab78ba0bd312afe568b16601cabd6fb0bbbc6babc49aba",
  "pins" : [
    {
      "identity" : "metaphor",
      "kind" : "remoteSourceControl",
      "location" : "https://github.com/shinyaoguri/metaphor.git",
      "state" : {
        "revision" : "f822f883b6b7d3da951955163b5db1f0a08931e4",
        "version" : "0.14.0"
      }
    }
  ],
  "version" : 3
}
