{
  "originHash" : "92e796614a13401fd0fa396025cc469891a3ea04d0ce612b05c7b99740e8d392",
  "pins" : [
    {
      "identity" : "metaphor",
      "kind" : "remoteSourceControl",
      "location" : "https://github.com/shinyaoguri/metaphor.git",
      "state" : {
        "revision" : "32e15b8fe0d4516d32949c9e6a6810f0fe6e1445",
        "version" : "0.13.0"
      }
    }
  ],
  "version" : 3
}
