{
  "originHash" : "6928937c1990b94fd78824ff36d469f6e05d4b1ba0b47640be6cf59513730260",
  "pins" : [
    {
      "identity" : "metaphor",
      "kind" : "remoteSourceControl",
      "location" : "https://github.com/shinyaoguri/metaphor.git",
      "state" : {
        "revision" : "8c792d0f27f6f3b3ca8301215b8efaac68e48d95",
        "version" : "0.7.0"
      }
    }
  ],
  "version" : 3
}
