{
  "originHash" : "a08b614ef0fbd28c902a5d082c187c8af300432235db16a81397a6340f9568fe",
  "pins" : [
    {
      "identity" : "metaphor",
      "kind" : "remoteSourceControl",
      "location" : "https://github.com/shinyaoguri/metaphor.git",
      "state" : {
        "revision" : "ef2ea34773b0ca004abacd699a4d76d591710c41",
        "version" : "0.10.0"
      }
    }
  ],
  "version" : 3
}
